
Microsoft Visual Studio Solution File, Format Version 12.00
# Visual Studio Version 16
VisualStudioVersion = 16.0.31005.135
MinimumVisualStudioVersion = 10.0.40219.1
Project("{FAE04EC0-301F-11D3-BF4B-00C04F79EFBC}") = "WorkerWithText", "WorkerWithText.csproj", "{7EAD5E45-13C0-4F61-BBA4-C4BA8B9183B9}"
EndProject
Global
	GlobalSection(SolutionConfigurationPlatforms) = preSolution
		Debug|Any CPU = Debug|Any CPU
		Release|Any CPU = Release|Any CPU
	EndGlobalSection
	GlobalSection(ProjectConfigurationPlatforms) = postSolution
		{7EAD5E45-13C0-4F61-BBA4-C4BA8B9183B9}.Debug|Any CPU.ActiveCfg = Debug|Any CPU
		{7EAD5E45-13C0-4F61-BBA4-C4BA8B9183B9}.Debug|Any CPU.Build.0 = Debug|Any CPU
		{7EAD5E45-13C0-4F61-BBA4-C4BA8B9183B9}.Release|Any CPU.ActiveCfg = Release|Any CPU
		{7EAD5E45-13C0-4F61-BBA4-C4BA8B9183B9}.Release|Any CPU.Build.0 = Release|Any CPU
	EndGlobalSection
	GlobalSection(SolutionProperties) = preSolution
		HideSolutionNode = FALSE
	EndGlobalSection
	GlobalSection(ExtensibilityGlobals) = postSolution
		SolutionGuid = {EA359332-952A-4F4F-BB4D-DC629820EB19}
	EndGlobalSection
EndGlobal
